
Microsoft Visual Studio Solution File, Format Version 12.00
# Visual Studio Version 17
VisualStudioVersion = 17.5.33414.496
MinimumVisualStudioVersion = 10.0.40219.1
Project("{FAE04EC0-301F-11D3-BF4B-00C04F79EFBC}") = "temperatura", "temperatura\temperatura.csproj", "{CDF8C5F6-06D4-4267-A693-98A767AEF6FB}"
EndProject
Global
	GlobalSection(SolutionConfigurationPlatforms) = preSolution
		Debug|Any CPU = Debug|Any CPU
		Release|Any CPU = Release|Any CPU
	EndGlobalSection
	GlobalSection(ProjectConfigurationPlatforms) = postSolution
		{CDF8C5F6-06D4-4267-A693-98A767AEF6FB}.Debug|Any CPU.ActiveCfg = Debug|Any CPU
		{CDF8C5F6-06D4-4267-A693-98A767AEF6FB}.Debug|Any CPU.Build.0 = Debug|Any CPU
		{CDF8C5F6-06D4-4267-A693-98A767AEF6FB}.Release|Any CPU.ActiveCfg = Release|Any CPU
		{CDF8C5F6-06D4-4267-A693-98A767AEF6FB}.Release|Any CPU.Build.0 = Release|Any CPU
	EndGlobalSection
	GlobalSection(SolutionProperties) = preSolution
		HideSolutionNode = FALSE
	EndGlobalSection
	GlobalSection(ExtensibilityGlobals) = postSolution
		SolutionGuid = {6D270A7B-B60D-425A-B963-E2BBC324D0A9}
	EndGlobalSection
EndGlobal
